
Microsoft Visual Studio Solution File, Format Version 12.00
Project("{FAE04EC0-301F-11D3-BF4B-00C04F79EFBC}") = "QueryStringKata", "QueryStringKata\QueryStringKata.csproj", "{4B398723-7B24-41D6-9DE7-6116FB2E5C39}"
EndProject
Project("{FAE04EC0-301F-11D3-BF4B-00C04F79EFBC}") = "QueryStringKata.Tests", "QueryStringKata.Tests\QueryStringKata.Tests.csproj", "{25C8C8BD-4A11-4E2D-ABC1-E03C825998C3}"
EndProject
Global
	GlobalSection(SolutionConfigurationPlatforms) = preSolution
		Debug|Any CPU = Debug|Any CPU
		Release|Any CPU = Release|Any CPU
	EndGlobalSection
	GlobalSection(ProjectConfigurationPlatforms) = postSolution
		{4B398723-7B24-41D6-9DE7-6116FB2E5C39}.Debug|Any CPU.ActiveCfg = Debug|Any CPU
		{4B398723-7B24-41D6-9DE7-6116FB2E5C39}.Debug|Any CPU.Build.0 = Debug|Any CPU
		{4B398723-7B24-41D6-9DE7-6116FB2E5C39}.Release|Any CPU.ActiveCfg = Release|Any CPU
		{4B398723-7B24-41D6-9DE7-6116FB2E5C39}.Release|Any CPU.Build.0 = Release|Any CPU
		{25C8C8BD-4A11-4E2D-ABC1-E03C825998C3}.Debug|Any CPU.ActiveCfg = Debug|Any CPU
		{25C8C8BD-4A11-4E2D-ABC1-E03C825998C3}.Debug|Any CPU.Build.0 = Debug|Any CPU
		{25C8C8BD-4A11-4E2D-ABC1-E03C825998C3}.Release|Any CPU.ActiveCfg = Release|Any CPU
		{25C8C8BD-4A11-4E2D-ABC1-E03C825998C3}.Release|Any CPU.Build.0 = Release|Any CPU
	EndGlobalSection
EndGlobal
