
Microsoft Visual Studio Solution File, Format Version 12.00
Project("{FAE04EC0-301F-11D3-BF4B-00C04F79EFBC}") = "TryMe", "TryMe\TryMe.csproj", "{8FE74B70-95B6-4DB4-A13C-A62D01572804}"
EndProject
Project("{FAE04EC0-301F-11D3-BF4B-00C04F79EFBC}") = "TryMe.Tests", "TryMe.Tests\TryMe.Tests.csproj", "{D6E6B5DE-76C4-4B9F-B986-6096031B81C5}"
EndProject
Global
	GlobalSection(SolutionConfigurationPlatforms) = preSolution
		Debug|Any CPU = Debug|Any CPU
		Release|Any CPU = Release|Any CPU
	EndGlobalSection
	GlobalSection(ProjectConfigurationPlatforms) = postSolution
		{8FE74B70-95B6-4DB4-A13C-A62D01572804}.Debug|Any CPU.ActiveCfg = Debug|Any CPU
		{8FE74B70-95B6-4DB4-A13C-A62D01572804}.Debug|Any CPU.Build.0 = Debug|Any CPU
		{8FE74B70-95B6-4DB4-A13C-A62D01572804}.Release|Any CPU.ActiveCfg = Release|Any CPU
		{8FE74B70-95B6-4DB4-A13C-A62D01572804}.Release|Any CPU.Build.0 = Release|Any CPU
		{D6E6B5DE-76C4-4B9F-B986-6096031B81C5}.Debug|Any CPU.ActiveCfg = Debug|Any CPU
		{D6E6B5DE-76C4-4B9F-B986-6096031B81C5}.Debug|Any CPU.Build.0 = Debug|Any CPU
		{D6E6B5DE-76C4-4B9F-B986-6096031B81C5}.Release|Any CPU.ActiveCfg = Release|Any CPU
		{D6E6B5DE-76C4-4B9F-B986-6096031B81C5}.Release|Any CPU.Build.0 = Release|Any CPU
	EndGlobalSection
EndGlobal
